
Microsoft Visual Studio Solution File, Format Version 11.00
# Visual C++ Express 2010
Project("{8BC9CEB8-8B4A-11D0-8D11-00A0C91BC942}") = "c-7.16", "c-7.16\c-7.16.vcxproj", "{278F9960-E3AD-42F9-8DBE-4F6989ED9406}"
EndProject
Global
	GlobalSection(SolutionConfigurationPlatforms) = preSolution
		Debug|Win32 = Debug|Win32
		Release|Win32 = Release|Win32
	EndGlobalSection
	GlobalSection(ProjectConfigurationPlatforms) = postSolution
		{278F9960-E3AD-42F9-8DBE-4F6989ED9406}.Debug|Win32.ActiveCfg = Debug|Win32
		{278F9960-E3AD-42F9-8DBE-4F6989ED9406}.Debug|Win32.Build.0 = Debug|Win32
		{278F9960-E3AD-42F9-8DBE-4F6989ED9406}.Release|Win32.ActiveCfg = Release|Win32
		{278F9960-E3AD-42F9-8DBE-4F6989ED9406}.Release|Win32.Build.0 = Release|Win32
	EndGlobalSection
	GlobalSection(SolutionProperties) = preSolution
		HideSolutionNode = FALSE
	EndGlobalSection
EndGlobal
