
Microsoft Visual Studio Solution File, Format Version 11.00
# Visual C++ Express 2010
Project("{8BC9CEB8-8B4A-11D0-8D11-00A0C91BC942}") = "sy9", "sy9\sy9.vcxproj", "{4427D85C-3F5D-438E-A239-94E17C214C22}"
EndProject
Global
	GlobalSection(SolutionConfigurationPlatforms) = preSolution
		Debug|Win32 = Debug|Win32
		Release|Win32 = Release|Win32
	EndGlobalSection
	GlobalSection(ProjectConfigurationPlatforms) = postSolution
		{4427D85C-3F5D-438E-A239-94E17C214C22}.Debug|Win32.ActiveCfg = Debug|Win32
		{4427D85C-3F5D-438E-A239-94E17C214C22}.Debug|Win32.Build.0 = Debug|Win32
		{4427D85C-3F5D-438E-A239-94E17C214C22}.Release|Win32.ActiveCfg = Release|Win32
		{4427D85C-3F5D-438E-A239-94E17C214C22}.Release|Win32.Build.0 = Release|Win32
	EndGlobalSection
	GlobalSection(SolutionProperties) = preSolution
		HideSolutionNode = FALSE
	EndGlobalSection
EndGlobal
